Microsoft Visual Studio Solution File, Format Version 11.00
# Visual Studio 2008

Project("{F8261914-5D35-B88B-50AD-97B8F56343E3}") = "TileGameplay - Nov4", "Assembly-CSharp-firstpass.csproj", "{BD9ED928-C53D-EE93-59A6-3C388E9B53CF}"
EndProject
Project("{F8261914-5D35-B88B-50AD-97B8F56343E3}") = "TileGameplay - Nov4", "Assembly-CSharp.csproj", "{412117A5-94B4-A7ED-1E79-C3299CD5F815}"
EndProject
Project("{F8261914-5D35-B88B-50AD-97B8F56343E3}") = "TileGameplay - Nov4", "Assembly-UnityScript-firstpass.unityproj", "{BE4A564F-0A78-BA98-8E88-BBE3878F2518}"
EndProject
Project("{F8261914-5D35-B88B-50AD-97B8F56343E3}") = "TileGameplay - Nov4", "Assembly-UnityScript.unityproj", "{EF127685-2684-42A1-5EED-5F1C3F77D2C8}"
EndProject
Global
	GlobalSection(SolutionConfigurationPlatforms) = preSolution
		Debug|Any CPU = Debug|Any CPU
		Release|Any CPU = Release|Any CPU
	EndGlobalSection
	GlobalSection(ProjectConfigurationPlatforms) = postSolution
		{BD9ED928-C53D-EE93-59A6-3C388E9B53CF}.Debug|Any CPU.ActiveCfg = Debug|Any CPU
		{BD9ED928-C53D-EE93-59A6-3C388E9B53CF}.Debug|Any CPU.Build.0 = Debug|Any CPU
		{BD9ED928-C53D-EE93-59A6-3C388E9B53CF}.Release|Any CPU.ActiveCfg = Release|Any CPU
		{BD9ED928-C53D-EE93-59A6-3C388E9B53CF}.Release|Any CPU.Build.0 = Release|Any CPU
		{412117A5-94B4-A7ED-1E79-C3299CD5F815}.Debug|Any CPU.ActiveCfg = Debug|Any CPU
		{412117A5-94B4-A7ED-1E79-C3299CD5F815}.Debug|Any CPU.Build.0 = Debug|Any CPU
		{412117A5-94B4-A7ED-1E79-C3299CD5F815}.Release|Any CPU.ActiveCfg = Release|Any CPU
		{412117A5-94B4-A7ED-1E79-C3299CD5F815}.Release|Any CPU.Build.0 = Release|Any CPU
		{BE4A564F-0A78-BA98-8E88-BBE3878F2518}.Debug|Any CPU.ActiveCfg = Debug|Any CPU
		{BE4A564F-0A78-BA98-8E88-BBE3878F2518}.Debug|Any CPU.Build.0 = Debug|Any CPU
		{BE4A564F-0A78-BA98-8E88-BBE3878F2518}.Release|Any CPU.ActiveCfg = Release|Any CPU
		{BE4A564F-0A78-BA98-8E88-BBE3878F2518}.Release|Any CPU.Build.0 = Release|Any CPU
		{EF127685-2684-42A1-5EED-5F1C3F77D2C8}.Debug|Any CPU.ActiveCfg = Debug|Any CPU
		{EF127685-2684-42A1-5EED-5F1C3F77D2C8}.Debug|Any CPU.Build.0 = Debug|Any CPU
		{EF127685-2684-42A1-5EED-5F1C3F77D2C8}.Release|Any CPU.ActiveCfg = Release|Any CPU
		{EF127685-2684-42A1-5EED-5F1C3F77D2C8}.Release|Any CPU.Build.0 = Release|Any CPU
	EndGlobalSection
	GlobalSection(SolutionProperties) = preSolution
		HideSolutionNode = FALSE
	EndGlobalSection
																	GlobalSection(MonoDevelopProperties) = preSolution
		StartupItem = Assembly-CSharp.csproj
		Policies = $0
		$0.TextStylePolicy = $1
		$1.inheritsSet = null
		$1.scope = text/x-csharp
		$0.CSharpFormattingPolicy = $2
		$2.inheritsSet = Mono
		$2.inheritsScope = text/x-csharp
		$2.scope = text/x-csharp
		$0.TextStylePolicy = $3
		$3.FileWidth = 120
		$3.TabWidth = 4
		$3.EolMarker = Unix
		$3.inheritsSet = Mono
		$3.inheritsScope = text/plain
		$3.scope = text/plain
	EndGlobalSection

EndGlobal
